
Microsoft Visual Studio Solution File, Format Version 12.00
# Visual Studio Version 17
VisualStudioVersion = 17.4.33122.133
MinimumVisualStudioVersion = 10.0.40219.1
Project("{FAE04EC0-301F-11D3-BF4B-00C04F79EFBC}") = "MovieApp", "MovieApp\MovieApp.csproj", "{87053782-E5A6-4325-99BF-B0E09005DFA7}"
EndProject
Global
	GlobalSection(SolutionConfigurationPlatforms) = preSolution
		Debug|Any CPU = Debug|Any CPU
		Release|Any CPU = Release|Any CPU
	EndGlobalSection
	GlobalSection(ProjectConfigurationPlatforms) = postSolution
		{87053782-E5A6-4325-99BF-B0E09005DFA7}.Debug|Any CPU.ActiveCfg = Debug|Any CPU
		{87053782-E5A6-4325-99BF-B0E09005DFA7}.Debug|Any CPU.Build.0 = Debug|Any CPU
		{87053782-E5A6-4325-99BF-B0E09005DFA7}.Release|Any CPU.ActiveCfg = Release|Any CPU
		{87053782-E5A6-4325-99BF-B0E09005DFA7}.Release|Any CPU.Build.0 = Release|Any CPU
	EndGlobalSection
	GlobalSection(SolutionProperties) = preSolution
		HideSolutionNode = FALSE
	EndGlobalSection
	GlobalSection(ExtensibilityGlobals) = postSolution
		SolutionGuid = {AC177B2D-3066-4265-BB05-8F72E52B0270}
	EndGlobalSection
EndGlobal
